
Microsoft Visual Studio Solution File, Format Version 12.00
# Visual Studio Version 16
VisualStudioVersion = 16.0.31702.278
MinimumVisualStudioVersion = 10.0.40219.1
Project("{FAE04EC0-301F-11D3-BF4B-00C04F79EFBC}") = "InventorySystemApi", "InventorySystemApi\InventorySystemApi.csproj", "{470B5013-9A69-4A98-83B0-11617B091A90}"
EndProject
Project("{FAE04EC0-301F-11D3-BF4B-00C04F79EFBC}") = "InventoryDataAccess", "InventoryDataAccess\InventoryDataAccess.csproj", "{1BFC3832-8076-4B11-A3E4-4B4D9FDF477F}"
EndProject
Project("{FAE04EC0-301F-11D3-BF4B-00C04F79EFBC}") = "InventoryBusinessLogic", "InventoryBusinessLogic\InventoryBusinessLogic.csproj", "{FE40CA50-A8CA-4666-BFEA-709FCE34AB62}"
EndProject
Global
	GlobalSection(SolutionConfigurationPlatforms) = preSolution
		Debug|Any CPU = Debug|Any CPU
		Release|Any CPU = Release|Any CPU
	EndGlobalSection
	GlobalSection(ProjectConfigurationPlatforms) = postSolution
		{470B5013-9A69-4A98-83B0-11617B091A90}.Debug|Any CPU.ActiveCfg = Debug|Any CPU
		{470B5013-9A69-4A98-83B0-11617B091A90}.Debug|Any CPU.Build.0 = Debug|Any CPU
		{470B5013-9A69-4A98-83B0-11617B091A90}.Release|Any CPU.ActiveCfg = Release|Any CPU
		{470B5013-9A69-4A98-83B0-11617B091A90}.Release|Any CPU.Build.0 = Release|Any CPU
		{1BFC3832-8076-4B11-A3E4-4B4D9FDF477F}.Debug|Any CPU.ActiveCfg = Debug|Any CPU
		{1BFC3832-8076-4B11-A3E4-4B4D9FDF477F}.Debug|Any CPU.Build.0 = Debug|Any CPU
		{1BFC3832-8076-4B11-A3E4-4B4D9FDF477F}.Release|Any CPU.ActiveCfg = Release|Any CPU
		{1BFC3832-8076-4B11-A3E4-4B4D9FDF477F}.Release|Any CPU.Build.0 = Release|Any CPU
		{FE40CA50-A8CA-4666-BFEA-709FCE34AB62}.Debug|Any CPU.ActiveCfg = Debug|Any CPU
		{FE40CA50-A8CA-4666-BFEA-709FCE34AB62}.Debug|Any CPU.Build.0 = Debug|Any CPU
		{FE40CA50-A8CA-4666-BFEA-709FCE34AB62}.Release|Any CPU.ActiveCfg = Release|Any CPU
		{FE40CA50-A8CA-4666-BFEA-709FCE34AB62}.Release|Any CPU.Build.0 = Release|Any CPU
	EndGlobalSection
	GlobalSection(SolutionProperties) = preSolution
		HideSolutionNode = FALSE
	EndGlobalSection
	GlobalSection(ExtensibilityGlobals) = postSolution
		SolutionGuid = {C51CDF6C-9F95-4797-A917-ECFC1C1D0432}
	EndGlobalSection
EndGlobal
